
Microsoft Visual Studio Solution File, Format Version 12.00
# Visual Studio 14
VisualStudioVersion = 14.0.25420.1
MinimumVisualStudioVersion = 10.0.40219.1
Project("{FAE04EC0-301F-11D3-BF4B-00C04F79EFBC}") = "WebApplication1", "WebApplication1\WebApplication1.csproj", "{B18B3050-D585-4941-B8D9-BC270A6119D3}"
EndProject
Global
	GlobalSection(SolutionConfigurationPlatforms) = preSolution
		Debug|Any CPU = Debug|Any CPU
		Release|Any CPU = Release|Any CPU
	EndGlobalSection
	GlobalSection(ProjectConfigurationPlatforms) = postSolution
		{B18B3050-D585-4941-B8D9-BC270A6119D3}.Debug|Any CPU.ActiveCfg = Debug|Any CPU
		{B18B3050-D585-4941-B8D9-BC270A6119D3}.Debug|Any CPU.Build.0 = Debug|Any CPU
		{B18B3050-D585-4941-B8D9-BC270A6119D3}.Release|Any CPU.ActiveCfg = Release|Any CPU
		{B18B3050-D585-4941-B8D9-BC270A6119D3}.Release|Any CPU.Build.0 = Release|Any CPU
	EndGlobalSection
	GlobalSection(SolutionProperties) = preSolution
		HideSolutionNode = FALSE
	EndGlobalSection
EndGlobal
